
Microsoft Visual Studio Solution File, Format Version 12.00
# Visual Studio 14
VisualStudioVersion = 14.0.25123.0
MinimumVisualStudioVersion = 10.0.40219.1
Project("{FAE04EC0-301F-11D3-BF4B-00C04F79EFBC}") = "Servidores", "Servidores\Servidores.csproj", "{B2F37B6D-0D8C-44CB-A3EE-FC9DFB792F3D}"
EndProject
Project("{FAE04EC0-301F-11D3-BF4B-00C04F79EFBC}") = "Cliente", "Cliente\Cliente.csproj", "{6219B6A7-0802-4C52-A784-D63E89332328}"
EndProject
Project("{FAE04EC0-301F-11D3-BF4B-00C04F79EFBC}") = "Core", "Core\Core.csproj", "{694D46D1-BA14-4413-B454-808455AD3688}"
EndProject
Global
	GlobalSection(SolutionConfigurationPlatforms) = preSolution
		Debug|Any CPU = Debug|Any CPU
		Release|Any CPU = Release|Any CPU
	EndGlobalSection
	GlobalSection(ProjectConfigurationPlatforms) = postSolution
		{B2F37B6D-0D8C-44CB-A3EE-FC9DFB792F3D}.Debug|Any CPU.ActiveCfg = Debug|Any CPU
		{B2F37B6D-0D8C-44CB-A3EE-FC9DFB792F3D}.Debug|Any CPU.Build.0 = Debug|Any CPU
		{B2F37B6D-0D8C-44CB-A3EE-FC9DFB792F3D}.Release|Any CPU.ActiveCfg = Release|Any CPU
		{B2F37B6D-0D8C-44CB-A3EE-FC9DFB792F3D}.Release|Any CPU.Build.0 = Release|Any CPU
		{6219B6A7-0802-4C52-A784-D63E89332328}.Debug|Any CPU.ActiveCfg = Debug|Any CPU
		{6219B6A7-0802-4C52-A784-D63E89332328}.Debug|Any CPU.Build.0 = Debug|Any CPU
		{6219B6A7-0802-4C52-A784-D63E89332328}.Release|Any CPU.ActiveCfg = Release|Any CPU
		{6219B6A7-0802-4C52-A784-D63E89332328}.Release|Any CPU.Build.0 = Release|Any CPU
		{694D46D1-BA14-4413-B454-808455AD3688}.Debug|Any CPU.ActiveCfg = Debug|Any CPU
		{694D46D1-BA14-4413-B454-808455AD3688}.Debug|Any CPU.Build.0 = Debug|Any CPU
		{694D46D1-BA14-4413-B454-808455AD3688}.Release|Any CPU.ActiveCfg = Release|Any CPU
		{694D46D1-BA14-4413-B454-808455AD3688}.Release|Any CPU.Build.0 = Release|Any CPU
	EndGlobalSection
	GlobalSection(SolutionProperties) = preSolution
		HideSolutionNode = FALSE
	EndGlobalSection
EndGlobal
